
Microsoft Visual Studio Solution File, Format Version 12.00
# Visual Studio Version 17
VisualStudioVersion = 17.4.33205.214
MinimumVisualStudioVersion = 10.0.40219.1
Project("{9A19103F-16F7-4668-BE54-9A1E7A4F7556}") = "JobBoardPlatform.PL", "JobBoardPlatformWeb\JobBoardPlatform.PL.csproj", "{24832CF8-0D76-410F-BABA-5C540BC7252B}"
EndProject
Project("{9A19103F-16F7-4668-BE54-9A1E7A4F7556}") = "JobBoardPlatform.DAL", "JobBoardPlatform.DAL\JobBoardPlatform.DAL.csproj", "{06B6682B-15AD-477C-B911-434908587F63}"
EndProject
Project("{9A19103F-16F7-4668-BE54-9A1E7A4F7556}") = "JobBoardPlatform.BLL", "JobBoardPlatform.BLL\JobBoardPlatform.BLL.csproj", "{199CD422-5C05-4F9C-AD23-BB3123EC25E0}"
EndProject
Project("{2150E333-8FDC-42A3-9474-1A3956D46DE8}") = "Tests", "Tests", "{537F52C4-CEB4-47CD-92A1-4A3471F07273}"
EndProject
Project("{9A19103F-16F7-4668-BE54-9A1E7A4F7556}") = "JobBoardPlatform.BLL.IntegrationTests", "JobBoardPlatform.BLL.Tests\JobBoardPlatform.BLL.IntegrationTests.csproj", "{3206E5FA-D785-4713-A042-FC100593AB1B}"
EndProject
Global
	GlobalSection(SolutionConfigurationPlatforms) = preSolution
		Debug|Any CPU = Debug|Any CPU
		Release|Any CPU = Release|Any CPU
	EndGlobalSection
	GlobalSection(ProjectConfigurationPlatforms) = postSolution
		{24832CF8-0D76-410F-BABA-5C540BC7252B}.Debug|Any CPU.ActiveCfg = Debug|Any CPU
		{24832CF8-0D76-410F-BABA-5C540BC7252B}.Debug|Any CPU.Build.0 = Debug|Any CPU
		{24832CF8-0D76-410F-BABA-5C540BC7252B}.Release|Any CPU.ActiveCfg = Release|Any CPU
		{24832CF8-0D76-410F-BABA-5C540BC7252B}.Release|Any CPU.Build.0 = Release|Any CPU
		{06B6682B-15AD-477C-B911-434908587F63}.Debug|Any CPU.ActiveCfg = Debug|Any CPU
		{06B6682B-15AD-477C-B911-434908587F63}.Debug|Any CPU.Build.0 = Debug|Any CPU
		{06B6682B-15AD-477C-B911-434908587F63}.Release|Any CPU.ActiveCfg = Release|Any CPU
		{06B6682B-15AD-477C-B911-434908587F63}.Release|Any CPU.Build.0 = Release|Any CPU
		{199CD422-5C05-4F9C-AD23-BB3123EC25E0}.Debug|Any CPU.ActiveCfg = Debug|Any CPU
		{199CD422-5C05-4F9C-AD23-BB3123EC25E0}.Debug|Any CPU.Build.0 = Debug|Any CPU
		{199CD422-5C05-4F9C-AD23-BB3123EC25E0}.Release|Any CPU.ActiveCfg = Release|Any CPU
		{199CD422-5C05-4F9C-AD23-BB3123EC25E0}.Release|Any CPU.Build.0 = Release|Any CPU
		{3206E5FA-D785-4713-A042-FC100593AB1B}.Debug|Any CPU.ActiveCfg = Debug|Any CPU
		{3206E5FA-D785-4713-A042-FC100593AB1B}.Debug|Any CPU.Build.0 = Debug|Any CPU
		{3206E5FA-D785-4713-A042-FC100593AB1B}.Release|Any CPU.ActiveCfg = Release|Any CPU
		{3206E5FA-D785-4713-A042-FC100593AB1B}.Release|Any CPU.Build.0 = Release|Any CPU
	EndGlobalSection
	GlobalSection(SolutionProperties) = preSolution
		HideSolutionNode = FALSE
	EndGlobalSection
	GlobalSection(NestedProjects) = preSolution
		{3206E5FA-D785-4713-A042-FC100593AB1B} = {537F52C4-CEB4-47CD-92A1-4A3471F07273}
	EndGlobalSection
	GlobalSection(ExtensibilityGlobals) = postSolution
		SolutionGuid = {F4290C6C-E1E8-43AD-BE17-32B38214CAEE}
	EndGlobalSection
EndGlobal
